
Microsoft Visual Studio Solution File, Format Version 12.00
# Visual Studio Version 17
VisualStudioVersion = 17.14.36414.22 d17.14
MinimumVisualStudioVersion = 10.0.40219.1
Project("{FAE04EC0-301F-11D3-BF4B-00C04F79EFBC}") = "Project Bike Ride", "Project Bike Hikes\Project Bike Ride.csproj", "{E59AC5BB-7A77-4AE6-8B52-139565287400}"
EndProject
Global
	GlobalSection(SolutionConfigurationPlatforms) = preSolution
		Debug|Any CPU = Debug|Any CPU
		Release|Any CPU = Release|Any CPU
	EndGlobalSection
	GlobalSection(ProjectConfigurationPlatforms) = postSolution
		{E59AC5BB-7A77-4AE6-8B52-139565287400}.Debug|Any CPU.ActiveCfg = Debug|Any CPU
		{E59AC5BB-7A77-4AE6-8B52-139565287400}.Debug|Any CPU.Build.0 = Debug|Any CPU
		{E59AC5BB-7A77-4AE6-8B52-139565287400}.Release|Any CPU.ActiveCfg = Release|Any CPU
		{E59AC5BB-7A77-4AE6-8B52-139565287400}.Release|Any CPU.Build.0 = Release|Any CPU
	EndGlobalSection
	GlobalSection(SolutionProperties) = preSolution
		HideSolutionNode = FALSE
	EndGlobalSection
	GlobalSection(ExtensibilityGlobals) = postSolution
		SolutionGuid = {93652D9F-43B6-44FB-A1C3-5A3070FEA514}
	EndGlobalSection
EndGlobal
